
Microsoft Visual Studio Solution File, Format Version 12.00
# Visual Studio Version 17
VisualStudioVersion = 17.4.33213.308
MinimumVisualStudioVersion = 10.0.40219.1
Project("{9A19103F-16F7-4668-BE54-9A1E7A4F7556}") = "AreaCalculator", "AreaCalculator\AreaCalculator.csproj", "{783A9323-640A-4D4F-AFA6-73DE00E12161}"
EndProject
Project("{9A19103F-16F7-4668-BE54-9A1E7A4F7556}") = "NUnitAreaCalculator", "NUnitAreaCalculator\NUnitAreaCalculator.csproj", "{DCFE3511-7B20-48CC-9190-418ABD2F5F14}"
EndProject
Project("{9A19103F-16F7-4668-BE54-9A1E7A4F7556}") = "AreaCalculatorVar2", "AreaCalculatorVar2\AreaCalculatorVar2.csproj", "{C89CE27E-D38C-4C01-BE62-FAD94FA2917E}"
EndProject
Global
	GlobalSection(SolutionConfigurationPlatforms) = preSolution
		Debug|Any CPU = Debug|Any CPU
		Release|Any CPU = Release|Any CPU
	EndGlobalSection
	GlobalSection(ProjectConfigurationPlatforms) = postSolution
		{783A9323-640A-4D4F-AFA6-73DE00E12161}.Debug|Any CPU.ActiveCfg = Debug|Any CPU
		{783A9323-640A-4D4F-AFA6-73DE00E12161}.Debug|Any CPU.Build.0 = Debug|Any CPU
		{783A9323-640A-4D4F-AFA6-73DE00E12161}.Release|Any CPU.ActiveCfg = Release|Any CPU
		{783A9323-640A-4D4F-AFA6-73DE00E12161}.Release|Any CPU.Build.0 = Release|Any CPU
		{DCFE3511-7B20-48CC-9190-418ABD2F5F14}.Debug|Any CPU.ActiveCfg = Debug|Any CPU
		{DCFE3511-7B20-48CC-9190-418ABD2F5F14}.Debug|Any CPU.Build.0 = Debug|Any CPU
		{DCFE3511-7B20-48CC-9190-418ABD2F5F14}.Release|Any CPU.ActiveCfg = Release|Any CPU
		{DCFE3511-7B20-48CC-9190-418ABD2F5F14}.Release|Any CPU.Build.0 = Release|Any CPU
		{C89CE27E-D38C-4C01-BE62-FAD94FA2917E}.Debug|Any CPU.ActiveCfg = Debug|Any CPU
		{C89CE27E-D38C-4C01-BE62-FAD94FA2917E}.Debug|Any CPU.Build.0 = Debug|Any CPU
		{C89CE27E-D38C-4C01-BE62-FAD94FA2917E}.Release|Any CPU.ActiveCfg = Release|Any CPU
		{C89CE27E-D38C-4C01-BE62-FAD94FA2917E}.Release|Any CPU.Build.0 = Release|Any CPU
	EndGlobalSection
	GlobalSection(SolutionProperties) = preSolution
		HideSolutionNode = FALSE
	EndGlobalSection
	GlobalSection(ExtensibilityGlobals) = postSolution
		SolutionGuid = {87750C50-C463-471D-8E7D-FD99AE1D90E4}
	EndGlobalSection
EndGlobal
